
Microsoft Visual Studio Solution File, Format Version 12.00
# Visual Studio Version 17
VisualStudioVersion = 17.6.33829.357
MinimumVisualStudioVersion = 10.0.40219.1
Project("{9A19103F-16F7-4668-BE54-9A1E7A4F7556}") = "LittlePublisher.Web", "LittlePublisher.Web\LittlePublisher.Web.csproj", "{E5795321-C7A6-41D9-A39A-73076E1FF10D}"
EndProject
Global
	GlobalSection(SolutionConfigurationPlatforms) = preSolution
		Debug|Any CPU = Debug|Any CPU
		Release|Any CPU = Release|Any CPU
	EndGlobalSection
	GlobalSection(ProjectConfigurationPlatforms) = postSolution
		{E5795321-C7A6-41D9-A39A-73076E1FF10D}.Debug|Any CPU.ActiveCfg = Debug|Any CPU
		{E5795321-C7A6-41D9-A39A-73076E1FF10D}.Debug|Any CPU.Build.0 = Debug|Any CPU
		{E5795321-C7A6-41D9-A39A-73076E1FF10D}.Release|Any CPU.ActiveCfg = Release|Any CPU
		{E5795321-C7A6-41D9-A39A-73076E1FF10D}.Release|Any CPU.Build.0 = Release|Any CPU
	EndGlobalSection
	GlobalSection(SolutionProperties) = preSolution
		HideSolutionNode = FALSE
	EndGlobalSection
	GlobalSection(ExtensibilityGlobals) = postSolution
		SolutionGuid = {F36D07FE-CED3-47EC-85CB-CFA5B7075647}
	EndGlobalSection
EndGlobal
